("quicklisp" .
 (:class qlot.source.ql:source-ql-all
  :initargs (:project-name "quicklisp" :%version :latest)
  :version "2017-11-30"))
("darkmatter" .
 (:class qlot.source.git:source-git
  :initargs (:project-name "darkmatter" :remote-url "https://github.com/tamamu/darkmatter.git" :branch "refactor")
  :version "git-1b632b9fe2c783c3ad7685f5db0c7d0fb1f9adcf"
  :remote-url "https://github.com/tamamu/darkmatter.git"
  :ref "1b632b9fe2c783c3ad7685f5db0c7d0fb1f9adcf"))
("websocket-driver" .
 (:class qlot.source.git:source-git
  :initargs (:project-name "websocket-driver" :remote-url "https://github.com/fukamachi/websocket-driver.git" :ref "a3046b11dfb9803ac3bff7734dd017390c2b54bb")
  :version "git-a3046b11dfb9803ac3bff7734dd017390c2b54bb"
  :remote-url "https://github.com/fukamachi/websocket-driver.git"
  :ref "a3046b11dfb9803ac3bff7734dd017390c2b54bb"))
("jsonrpc" .
 (:class qlot.source.git:source-git
  :initargs (:project-name "jsonrpc" :remote-url "https://github.com/fukamachi/jsonrpc" :ref "766101b4ecbafb73490e1d84569f2dc64524fe42")
  :version "git-766101b4ecbafb73490e1d84569f2dc64524fe42"
  :remote-url "https://github.com/fukamachi/jsonrpc"
  :ref "766101b4ecbafb73490e1d84569f2dc64524fe42"))
("proc-parse" .
 (:class qlot.source.ql:source-ql
  :initargs (:project-name "proc-parse" :%version :latest)
  :version "ql-2018-04-30"))
("alexandria" .
 (:class qlot.source.ql:source-ql
  :initargs (:project-name "alexandria" :%version :latest)
  :version "ql-2018-04-30"))
("clack" .
 (:class qlot.source.ql:source-ql
  :initargs (:project-name "clack" :%version :latest)
  :version "ql-2018-04-30"))
("djula" .
 (:class qlot.source.ql:source-ql
  :initargs (:project-name "djula" :%version :latest)
  :version "ql-2018-04-30"))
("quri" .
 (:class qlot.source.ql:source-ql
  :initargs (:project-name "quri" :%version :latest)
  :version "ql-2018-04-30"))
("yason" .
 (:class qlot.source.ql:source-ql
  :initargs (:project-name "yason" :%version :latest)
  :version "ql-2018-04-30"))
("cl-fad" .
 (:class qlot.source.ql:source-ql
  :initargs (:project-name "cl-fad" :%version :latest)
  :version "ql-2018-04-30"))
